// !$*UTF8*$!
{
	archiveVersion = 1;
	classes = {
	};
	objectVersion = 50;
	objects = {

/* Begin PBXBuildFile section */
		02C6069F22A9A56800A9E2FA /* AppDelegate.swift in Sources */ = {isa = PBXBuildFile; fileRef = 02C6069E22A9A56800A9E2FA /* AppDelegate.swift */; };
		02C606A122A9A56800A9E2FA /* SceneDelegate.swift in Sources */ = {isa = PBXBuildFile; fileRef = 02C606A022A9A56800A9E2FA /* SceneDelegate.swift */; };
		02C606A322A9A56800A9E2FA /* ContentView.swift in Sources */ = {isa = PBXBuildFile; fileRef = 02C606A222A9A56800A9E2FA /* ContentView.swift */; };
		02C606A522A9A56900A9E2FA /* Assets.xcassets in Resources */ = {isa = PBXBuildFile; fileRef = 02C606A422A9A56900A9E2FA /* Assets.xcassets */; };
		02C606A822A9A56900A9E2FA /* Preview Assets.xcassets in Resources */ = {isa = PBXBuildFile; fileRef = 02C606A722A9A56900A9E2FA /* Preview Assets.xcassets */; };
		02C606AB22A9A56900A9E2FA /* LaunchScreen.storyboard in Resources */ = {isa = PBXBuildFile; fileRef = 02C606A922A9A56900A9E2FA /* LaunchScreen.storyboard */; };
		02C606B622A9A56900A9E2FA /* LandmarksTests.swift in Sources */ = {isa = PBXBuildFile; fileRef = 02C606B522A9A56900A9E2FA /* LandmarksTests.swift */; };
		02C606C122A9A56900A9E2FA /* LandmarksUITests.swift in Sources */ = {isa = PBXBuildFile; fileRef = 02C606C022A9A56900A9E2FA /* LandmarksUITests.swift */; };
/* End PBXBuildFile section */

/* Begin PBXContainerItemProxy section */
		02C606B222A9A56900A9E2FA /* PBXContainerItemProxy */ = {
			isa = PBXContainerItemProxy;
			containerPortal = 02C6069322A9A56800A9E2FA /* Project object */;
			proxyType = 1;
			remoteGlobalIDString = 02C6069A22A9A56800A9E2FA;
			remoteInfo = Landmarks;
		};
		02C606BD22A9A56900A9E2FA /* PBXContainerItemProxy */ = {
			isa = PBXContainerItemProxy;
			containerPortal = 02C6069322A9A56800A9E2FA /* Project object */;
			proxyType = 1;
			remoteGlobalIDString = 02C6069A22A9A56800A9E2FA;
			remoteInfo = Landmarks;
		};
/* End PBXContainerItemProxy section */

/* Begin PBXFileReference section */
		02C6069B22A9A56800A9E2FA /* Landmarks.app */ = {isa = PBXFileReference; explicitFileType = wrapper.application; includeInIndex = 0; path = Landmarks.app; sourceTree = BUILT_PRODUCTS_DIR; };
		02C6069E22A9A56800A9E2FA /* AppDelegate.swift */ = {isa = PBXFileReference; lastKnownFileType = sourcecode.swift; path = AppDelegate.swift; sourceTree = "<group>"; };
		02C606A022A9A56800A9E2FA /* SceneDelegate.swift */ = {isa = PBXFileReference; lastKnownFileType = sourcecode.swift; path = SceneDelegate.swift; sourceTree = "<group>"; };
		02C606A222A9A56800A9E2FA /* ContentView.swift */ = {isa = PBXFileReference; lastKnownFileType = sourcecode.swift; path = ContentView.swift; sourceTree = "<group>"; };
		02C606A422A9A56900A9E2FA /* Assets.xcassets */ = {isa = PBXFileReference; lastKnownFileType = folder.assetcatalog; path = Assets.xcassets; sourceTree = "<group>"; };
		02C606A722A9A56900A9E2FA /* Preview Assets.xcassets */ = {isa = PBXFileReference; lastKnownFileType = folder.assetcatalog; path = "Preview Assets.xcassets"; sourceTree = "<group>"; };
		02C606AA22A9A56900A9E2FA /* Base */ = {isa = PBXFileReference; lastKnownFileType = file.storyboard; name = Base; path = Base.lproj/LaunchScreen.storyboard; sourceTree = "<group>"; };
		02C606AC22A9A56900A9E2FA /* Info.plist */ = {isa = PBXFileReference; lastKnownFileType = text.plist.xml; path = Info.plist; sourceTree = "<group>"; };
		02C606B122A9A56900A9E2FA /* LandmarksTests.xctest */ = {isa = PBXFileReference; explicitFileType = wrapper.cfbundle; includeInIndex = 0; path = LandmarksTests.xctest; sourceTree = BUILT_PRODUCTS_DIR; };
		02C606B522A9A56900A9E2FA /* LandmarksTests.swift */ = {isa = PBXFileReference; lastKnownFileType = sourcecode.swift; path = LandmarksTests.swift; sourceTree = "<group>"; };
		02C606B722A9A56900A9E2FA /* Info.plist */ = {isa = PBXFileReference; lastKnownFileType = text.plist.xml; path = Info.plist; sourceTree = "<group>"; };
		02C606BC22A9A56900A9E2FA /* LandmarksUITests.xctest */ = {isa = PBXFileReference; explicitFileType = wrapper.cfbundle; includeInIndex = 0; path = LandmarksUITests.xctest; sourceTree = BUILT_PRODUCTS_DIR; };
		02C606C022A9A56900A9E2FA /* LandmarksUITests.swift */ = {isa = PBXFileReference; lastKnownFileType = sourcecode.swift; path = LandmarksUITests.swift; sourceTree = "<group>"; };
		02C606C222A9A56900A9E2FA /* Info.plist */ = {isa = PBXFileReference; lastKnownFileType = text.plist.xml; path = Info.plist; sourceTree = "<group>"; };
/* End PBXFileReference section */

/* Begin PBXFrameworksBuildPhase section */
		02C6069822A9A56800A9E2FA /* Frameworks */ = {
			isa = PBXFrameworksBuildPhase;
			buildActionMask = 2147483647;
			files = (
			);
			runOnlyForDeploymentPostprocessing = 0;
		};
		02C606AE22A9A56900A9E2FA /* Frameworks */ = {
			isa = PBXFrameworksBuildPhase;
			buildActionMask = 2147483647;
			files = (
			);
			runOnlyForDeploymentPostprocessing = 0;
		};
		02C606B922A9A56900A9E2FA /* Frameworks */ = {
			isa = PBXFrameworksBuildPhase;
			buildActionMask = 2147483647;
			files = (
			);
			runOnlyForDeploymentPostprocessing = 0;
		};
/* End PBXFrameworksBuildPhase section */

/* Begin PBXGroup section */
		02C6069222A9A56800A9E2FA = {
			isa = PBXGroup;
			children = (
				02C6069D22A9A56800A9E2FA /* Landmarks */,
				02C606B422A9A56900A9E2FA /* LandmarksTests */,
				02C606BF22A9A56900A9E2FA /* LandmarksUITests */,
				02C6069C22A9A56800A9E2FA /* Products */,
			);
			sourceTree = "<group>";
		};
		02C6069C22A9A56800A9E2FA /* Products */ = {
			isa = PBXGroup;
			children = (
				02C6069B22A9A56800A9E2FA /* Landmarks.app */,
				02C606B122A9A56900A9E2FA /* LandmarksTests.xctest */,
				02C606BC22A9A56900A9E2FA /* LandmarksUITests.xctest */,
			);
			name = Products;
			sourceTree = "<group>";
		};
		02C6069D22A9A56800A9E2FA /* Landmarks */ = {
			isa = PBXGroup;
			children = (
				02C6069E22A9A56800A9E2FA /* AppDelegate.swift */,
				02C606A022A9A56800A9E2FA /* SceneDelegate.swift */,
				02C606A222A9A56800A9E2FA /* ContentView.swift */,
				02C606A422A9A56900A9E2FA /* Assets.xcassets */,
				02C606A922A9A56900A9E2FA /* LaunchScreen.storyboard */,
				02C606AC22A9A56900A9E2FA /* Info.plist */,
				02C606A622A9A56900A9E2FA /* Preview Content */,
			);
			path = Landmarks;
			sourceTree = "<group>";
		};
		02C606A622A9A56900A9E2FA /* Preview Content */ = {
			isa = PBXGroup;
			children = (
				02C606A722A9A56900A9E2FA /* Preview Assets.xcassets */,
			);
			path = "Preview Content";
			sourceTree = "<group>";
		};
		02C606B422A9A56900A9E2FA /* LandmarksTests */ = {
			isa = PBXGroup;
			children = (
				02C606B522A9A56900A9E2FA /* LandmarksTests.swift */,
				02C606B722A9A56900A9E2FA /* Info.plist */,
			);
			path = LandmarksTests;
			sourceTree = "<group>";
		};
		02C606BF22A9A56900A9E2FA /* LandmarksUITests */ = {
			isa = PBXGroup;
			children = (
				02C606C022A9A56900A9E2FA /* LandmarksUITests.swift */,
				02C606C222A9A56900A9E2FA /* Info.plist */,
			);
			path = LandmarksUITests;
			sourceTree = "<group>";
		};
/* End PBXGroup section */

/* Begin PBXNativeTarget section */
		02C6069A22A9A56800A9E2FA /* Landmarks */ = {
			isa = PBXNativeTarget;
			buildConfigurationList = 02C606C522A9A56900A9E2FA /* Build configuration list for PBXNativeTarget "Landmarks" */;
			buildPhases = (
				02C6069722A9A56800A9E2FA /* Sources */,
				02C6069822A9A56800A9E2FA /* Frameworks */,
				02C6069922A9A56800A9E2FA /* Resources */,
			);
			buildRules = (
			);
			dependencies = (
			);
			name = Landmarks;
			productName = Landmarks;
			productReference = 02C6069B22A9A56800A9E2FA /* Landmarks.app */;
			productType = "com.apple.product-type.application";
		};
		02C606B022A9A56900A9E2FA /* LandmarksTests */ = {
			isa = PBXNativeTarget;
			buildConfigurationList = 02C606C822A9A56900A9E2FA /* Build configuration list for PBXNativeTarget "LandmarksTests" */;
			buildPhases = (
				02C606AD22A9A56900A9E2FA /* Sources */,
				02C606AE22A9A56900A9E2FA /* Frameworks */,
				02C606AF22A9A56900A9E2FA /* Resources */,
			);
			buildRules = (
			);
			dependencies = (
				02C606B322A9A56900A9E2FA /* PBXTargetDependency */,
			);
			name = LandmarksTests;
			productName = LandmarksTests;
			productReference = 02C606B122A9A56900A9E2FA /* LandmarksTests.xctest */;
			productType = "com.apple.product-type.bundle.unit-test";
		};
		02C606BB22A9A56900A9E2FA /* LandmarksUITests */ = {
			isa = PBXNativeTarget;
			buildConfigurationList = 02C606CB22A9A56900A9E2FA /* Build configuration list for PBXNativeTarget "LandmarksUITests" */;
			buildPhases = (
				02C606B822A9A56900A9E2FA /* Sources */,
				02C606B922A9A56900A9E2FA /* Frameworks */,
				02C606BA22A9A56900A9E2FA /* Resources */,
			);
			buildRules = (
			);
			dependencies = (
				02C606BE22A9A56900A9E2FA /* PBXTargetDependency */,
			);
			name = LandmarksUITests;
			productName = LandmarksUITests;
			productReference = 02C606BC22A9A56900A9E2FA /* LandmarksUITests.xctest */;
			productType = "com.apple.product-type.bundle.ui-testing";
		};
/* End PBXNativeTarget section */

/* Begin PBXProject section */
		02C6069322A9A56800A9E2FA /* Project object */ = {
			isa = PBXProject;
			attributes = {
				LastSwiftUpdateCheck = 1100;
				LastUpgradeCheck = 1100;
				ORGANIZATIONNAME = ruucm;
				TargetAttributes = {
					02C6069A22A9A56800A9E2FA = {
						CreatedOnToolsVersion = 11.0;
					};
					02C606B022A9A56900A9E2FA = {
						CreatedOnToolsVersion = 11.0;
						TestTargetID = 02C6069A22A9A56800A9E2FA;
					};
					02C606BB22A9A56900A9E2FA = {
						CreatedOnToolsVersion = 11.0;
						TestTargetID = 02C6069A22A9A56800A9E2FA;
					};
				};
			};
			buildConfigurationList = 02C6069622A9A56800A9E2FA /* Build configuration list for PBXProject "Landmarks" */;
			compatibilityVersion = "Xcode 9.3";
			developmentRegion = en;
			hasScannedForEncodings = 0;
			knownRegions = (
				en,
				Base,
			);
			mainGroup = 02C6069222A9A56800A9E2FA;
			productRefGroup = 02C6069C22A9A56800A9E2FA /* Products */;
			projectDirPath = "";
			projectRoot = "";
			targets = (
				02C6069A22A9A56800A9E2FA /* Landmarks */,
				02C606B022A9A56900A9E2FA /* LandmarksTests */,
				02C606BB22A9A56900A9E2FA /* LandmarksUITests */,
			);
		};
/* End PBXProject section */

/* Begin PBXResourcesBuildPhase section */
		02C6069922A9A56800A9E2FA /* Resources */ = {
			isa = PBXResourcesBuildPhase;
			buildActionMask = 2147483647;
			files = (
				02C606AB22A9A56900A9E2FA /* LaunchScreen.storyboard in Resources */,
				02C606A822A9A56900A9E2FA /* Preview Assets.xcassets in Resources */,
				02C606A522A9A56900A9E2FA /* Assets.xcassets in Resources */,
			);
			runOnlyForDeploymentPostprocessing = 0;
		};
		02C606AF22A9A56900A9E2FA /* Resources */ = {
			isa = PBXResourcesBuildPhase;
			buildActionMask = 2147483647;
			files = (
			);
			runOnlyForDeploymentPostprocessing = 0;
		};
		02C606BA22A9A56900A9E2FA /* Resources */ = {
			isa = PBXResourcesBuildPhase;
			buildActionMask = 2147483647;
			files = (
			);
			runOnlyForDeploymentPostprocessing = 0;
		};
/* End PBXResourcesBuildPhase section */

/* Begin PBXSourcesBuildPhase section */
		02C6069722A9A56800A9E2FA /* Sources */ = {
			isa = PBXSourcesBuildPhase;
			buildActionMask = 2147483647;
			files = (
				02C6069F22A9A56800A9E2FA /* AppDelegate.swift in Sources */,
				02C606A122A9A56800A9E2FA /* SceneDelegate.swift in Sources */,
				02C606A322A9A56800A9E2FA /* ContentView.swift in Sources */,
			);
			runOnlyForDeploymentPostprocessing = 0;
		};
		02C606AD22A9A56900A9E2FA /* Sources */ = {
			isa = PBXSourcesBuildPhase;
			buildActionMask = 2147483647;
			files = (
				02C606B622A9A56900A9E2FA /* LandmarksTests.swift in Sources */,
			);
			runOnlyForDeploymentPostprocessing = 0;
		};
		02C606B822A9A56900A9E2FA /* Sources */ = {
			isa = PBXSourcesBuildPhase;
			buildActionMask = 2147483647;
			files = (
				02C606C122A9A56900A9E2FA /* LandmarksUITests.swift in Sources */,
			);
			runOnlyForDeploymentPostprocessing = 0;
		};
/* End PBXSourcesBuildPhase section */

/* Begin PBXTargetDependency section */
		02C606B322A9A56900A9E2FA /* PBXTargetDependency */ = {
			isa = PBXTargetDependency;
			target = 02C6069A22A9A56800A9E2FA /* Landmarks */;
			targetProxy = 02C606B222A9A56900A9E2FA /* PBXContainerItemProxy */;
		};
		02C606BE22A9A56900A9E2FA /* PBXTargetDependency */ = {
			isa = PBXTargetDependency;
			target = 02C6069A22A9A56800A9E2FA /* Landmarks */;
			targetProxy = 02C606BD22A9A56900A9E2FA /* PBXContainerItemProxy */;
		};
/* End PBXTargetDependency section */

/* Begin PBXVariantGroup section */
		02C606A922A9A56900A9E2FA /* LaunchScreen.storyboard */ = {
			isa = PBXVariantGroup;
			children = (
				02C606AA22A9A56900A9E2FA /* Base */,
			);
			name = LaunchScreen.storyboard;
			sourceTree = "<group>";
		};
/* End PBXVariantGroup section */

/* Begin XCBuildConfiguration section */
		02C606C322A9A56900A9E2FA /* Debug */ = {
			isa = XCBuildConfiguration;
			buildSettings = {
				ALWAYS_SEARCH_USER_PATHS = NO;
				CLANG_ANALYZER_NONNULL = YES;
				CLANG_ANALYZER_NUMBER_OBJECT_CONVERSION = YES_AGGRESSIVE;
				CLANG_CXX_LANGUAGE_STANDARD = "gnu++14";
				CLANG_CXX_LIBRARY = "libc++";
				CLANG_ENABLE_MODULES = YES;
				CLANG_ENABLE_OBJC_ARC = YES;
				CLANG_ENABLE_OBJC_WEAK = YES;
				CLANG_WARN_BLOCK_CAPTURE_AUTORELEASING = YES;
				CLANG_WARN_BOOL_CONVERSION = YES;
				CLANG_WARN_COMMA = YES;
				CLANG_WARN_CONSTANT_CONVERSION = YES;
				CLANG_WARN_DEPRECATED_OBJC_IMPLEMENTATIONS = YES;
				CLANG_WARN_DIRECT_OBJC_ISA_USAGE = YES_ERROR;
				CLANG_WARN_DOCUMENTATION_COMMENTS = YES;
				CLANG_WARN_EMPTY_BODY = YES;
				CLANG_WARN_ENUM_CONVERSION = YES;
				CLANG_WARN_INFINITE_RECURSION = YES;
				CLANG_WARN_INT_CONVERSION = YES;
				CLANG_WARN_NON_LITERAL_NULL_CONVERSION = YES;
				CLANG_WARN_OBJC_IMPLICIT_RETAIN_SELF = YES;
				CLANG_WARN_OBJC_LITERAL_CONVERSION = YES;
				CLANG_WARN_OBJC_ROOT_CLASS = YES_ERROR;
				CLANG_WARN_RANGE_LOOP_ANALYSIS = YES;
				CLANG_WARN_STRICT_PROTOTYPES = YES;
				CLANG_WARN_SUSPICIOUS_MOVE = YES;
				CLANG_WARN_UNGUARDED_AVAILABILITY = YES_AGGRESSIVE;
				CLANG_WARN_UNREACHABLE_CODE = YES;
				CLANG_WARN__DUPLICATE_METHOD_MATCH = YES;
				COPY_PHASE_STRIP = NO;
				DEBUG_INFORMATION_FORMAT = dwarf;
				ENABLE_STRICT_OBJC_MSGSEND = YES;
				ENABLE_TESTABILITY = YES;
				GCC_C_LANGUAGE_STANDARD = gnu11;
				GCC_DYNAMIC_NO_PIC = NO;
				GCC_NO_COMMON_BLOCKS = YES;
				GCC_OPTIMIZATION_LEVEL = 0;
				GCC_PREPROCESSOR_DEFINITIONS = (
					"DEBUG=1",
					"$(inherited)",
				);
				GCC_WARN_64_TO_32_BIT_CONVERSION = YES;
				GCC_WARN_ABOUT_RETURN_TYPE = YES_ERROR;
				GCC_WARN_UNDECLARED_SELECTOR = YES;
				GCC_WARN_UNINITIALIZED_AUTOS = YES_AGGRESSIVE;
				GCC_WARN_UNUSED_FUNCTION = YES;
				GCC_WARN_UNUSED_VARIABLE = YES;
				IPHONEOS_DEPLOYMENT_TARGET = 13.0;
				MTL_ENABLE_DEBUG_INFO = INCLUDE_SOURCE;
				MTL_FAST_MATH = YES;
				ONLY_ACTIVE_ARCH = YES;
				SDKROOT = iphoneos;
				SWIFT_ACTIVE_COMPILATION_CONDITIONS = DEBUG;
				SWIFT_OPTIMIZATION_LEVEL = "-Onone";
			};
			name = Debug;
		};
		02C606C422A9A56900A9E2FA /* Release */ = {
			isa = XCBuildConfiguration;
			buildSettings = {
				ALWAYS_SEARCH_USER_PATHS = NO;
				CLANG_ANALYZER_NONNULL = YES;
				CLANG_ANALYZER_NUMBER_OBJECT_CONVERSION = YES_AGGRESSIVE;
				CLANG_CXX_LANGUAGE_STANDARD = "gnu++14";
				CLANG_CXX_LIBRARY = "libc++";
				CLANG_ENABLE_MODULES = YES;
				CLANG_ENABLE_OBJC_ARC = YES;
				CLANG_ENABLE_OBJC_WEAK = YES;
				CLANG_WARN_BLOCK_CAPTURE_AUTORELEASING = YES;
				CLANG_WARN_BOOL_CONVERSION = YES;
				CLANG_WARN_COMMA = YES;
				CLANG_WARN_CONSTANT_CONVERSION = YES;
				CLANG_WARN_DEPRECATED_OBJC_IMPLEMENTATIONS = YES;
				CLANG_WARN_DIRECT_OBJC_ISA_USAGE = YES_ERROR;
				CLANG_WARN_DOCUMENTATION_COMMENTS = YES;
				CLANG_WARN_EMPTY_BODY = YES;
				CLANG_WARN_ENUM_CONVERSION = YES;
				CLANG_WARN_INFINITE_RECURSION = YES;
				CLANG_WARN_INT_CONVERSION = YES;
				CLANG_WARN_NON_LITERAL_NULL_CONVERSION = YES;
				CLANG_WARN_OBJC_IMPLICIT_RETAIN_SELF = YES;
				CLANG_WARN_OBJC_LITERAL_CONVERSION = YES;
				CLANG_WARN_OBJC_ROOT_CLASS = YES_ERROR;
				CLANG_WARN_RANGE_LOOP_ANALYSIS = YES;
				CLANG_WARN_STRICT_PROTOTYPES = YES;
				CLANG_WARN_SUSPICIOUS_MOVE = YES;
				CLANG_WARN_UNGUARDED_AVAILABILITY = YES_AGGRESSIVE;
				CLANG_WARN_UNREACHABLE_CODE = YES;
				CLANG_WARN__DUPLICATE_METHOD_MATCH = YES;
				COPY_PHASE_STRIP = NO;
				DEBUG_INFORMATION_FORMAT = "dwarf-with-dsym";
				ENABLE_NS_ASSERTIONS = NO;
				ENABLE_STRICT_OBJC_MSGSEND = YES;
				GCC_C_LANGUAGE_STANDARD = gnu11;
				GCC_NO_COMMON_BLOCKS = YES;
				GCC_WARN_64_TO_32_BIT_CONVERSION = YES;
				GCC_WARN_ABOUT_RETURN_TYPE = YES_ERROR;
				GCC_WARN_UNDECLARED_SELECTOR = YES;
				GCC_WARN_UNINITIALIZED_AUTOS = YES_AGGRESSIVE;
				GCC_WARN_UNUSED_FUNCTION = YES;
				GCC_WARN_UNUSED_VARIABLE = YES;
				IPHONEOS_DEPLOYMENT_TARGET = 13.0;
				MTL_ENABLE_DEBUG_INFO = NO;
				MTL_FAST_MATH = YES;
				SDKROOT = iphoneos;
				SWIFT_COMPILATION_MODE = wholemodule;
				SWIFT_OPTIMIZATION_LEVEL = "-O";
				VALIDATE_PRODUCT = YES;
			};
			name = Release;
		};
		02C606C622A9A56900A9E2FA /* Debug */ = {
			isa = XCBuildConfiguration;
			buildSettings = {
				ASSETCATALOG_COMPILER_APPICON_NAME = AppIcon;
				CODE_SIGN_STYLE = Automatic;
				DEVELOPMENT_ASSET_PATHS = "Landmarks/Preview\\ Content";
				DEVELOPMENT_TEAM = F855MXXDV3;
				ENABLE_PREVIEWS = YES;
				INFOPLIST_FILE = Landmarks/Info.plist;
				IPHONEOS_DEPLOYMENT_TARGET = 13.0;
				LD_RUNPATH_SEARCH_PATHS = (
					"$(inherited)",
					"@executable_path/Frameworks",
				);
				PRODUCT_BUNDLE_IDENTIFIER = ruucm.Landmarks;
				PRODUCT_NAME = "$(TARGET_NAME)";
				SWIFT_VERSION = 5.0;
				TARGETED_DEVICE_FAMILY = "1,2";
			};
			name = Debug;
		};
		02C606C722A9A56900A9E2FA /* Release */ = {
			isa = XCBuildConfiguration;
			buildSettings = {
				ASSETCATALOG_COMPILER_APPICON_NAME = AppIcon;
				CODE_SIGN_STYLE = Automatic;
				DEVELOPMENT_ASSET_PATHS = "Landmarks/Preview\\ Content";
				DEVELOPMENT_TEAM = F855MXXDV3;
				ENABLE_PREVIEWS = YES;
				INFOPLIST_FILE = Landmarks/Info.plist;
				IPHONEOS_DEPLOYMENT_TARGET = 13.0;
				LD_RUNPATH_SEARCH_PATHS = (
					"$(inherited)",
					"@executable_path/Frameworks",
				);
				PRODUCT_BUNDLE_IDENTIFIER = ruucm.Landmarks;
				PRODUCT_NAME = "$(TARGET_NAME)";
				SWIFT_VERSION = 5.0;
				TARGETED_DEVICE_FAMILY = "1,2";
			};
			name = Release;
		};
		02C606C922A9A56900A9E2FA /* Debug */ = {
			isa = XCBuildConfiguration;
			buildSettings = {
				ALWAYS_EMBED_SWIFT_STANDARD_LIBRARIES = YES;
				BUNDLE_LOADER = "$(TEST_HOST)";
				CODE_SIGN_STYLE = Automatic;
				INFOPLIST_FILE = LandmarksTests/Info.plist;
				LD_RUNPATH_SEARCH_PATHS = (
					"$(inherited)",
					"@executable_path/Frameworks",
					"@loader_path/Frameworks",
				);
				PRODUCT_BUNDLE_IDENTIFIER = ruucm.LandmarksTests;
				PRODUCT_NAME = "$(TARGET_NAME)";
				SWIFT_VERSION = 5.0;
				TARGETED_DEVICE_FAMILY = "1,2";
				TEST_HOST = "$(BUILT_PRODUCTS_DIR)/Landmarks.app/Landmarks";
			};
			name = Debug;
		};
		02C606CA22A9A56900A9E2FA /* Release */ = {
			isa = XCBuildConfiguration;
			buildSettings = {
				ALWAYS_EMBED_SWIFT_STANDARD_LIBRARIES = YES;
				BUNDLE_LOADER = "$(TEST_HOST)";
				CODE_SIGN_STYLE = Automatic;
				INFOPLIST_FILE = LandmarksTests/Info.plist;
				LD_RUNPATH_SEARCH_PATHS = (
					"$(inherited)",
					"@executable_path/Frameworks",
					"@loader_path/Frameworks",
				);
				PRODUCT_BUNDLE_IDENTIFIER = ruucm.LandmarksTests;
				PRODUCT_NAME = "$(TARGET_NAME)";
				SWIFT_VERSION = 5.0;
				TARGETED_DEVICE_FAMILY = "1,2";
				TEST_HOST = "$(BUILT_PRODUCTS_DIR)/Landmarks.app/Landmarks";
			};
			name = Release;
		};
		02C606CC22A9A56900A9E2FA /* Debug */ = {
			isa = XCBuildConfiguration;
			buildSettings = {
				ALWAYS_EMBED_SWIFT_STANDARD_LIBRARIES = YES;
				CODE_SIGN_STYLE = Automatic;
				INFOPLIST_FILE = LandmarksUITests/Info.plist;
				LD_RUNPATH_SEARCH_PATHS = (
					"$(inherited)",
					"@executable_path/Frameworks",
					"@loader_path/Frameworks",
				);
				PRODUCT_BUNDLE_IDENTIFIER = ruucm.LandmarksUITests;
				PRODUCT_NAME = "$(TARGET_NAME)";
				SWIFT_VERSION = 5.0;
				TARGETED_DEVICE_FAMILY = "1,2";
				TEST_TARGET_NAME = Landmarks;
			};
			name = Debug;
		};
		02C606CD22A9A56900A9E2FA /* Release */ = {
			isa = XCBuildConfiguration;
			buildSettings = {
				ALWAYS_EMBED_SWIFT_STANDARD_LIBRARIES = YES;
				CODE_SIGN_STYLE = Automatic;
				INFOPLIST_FILE = LandmarksUITests/Info.plist;
				LD_RUNPATH_SEARCH_PATHS = (
					"$(inherited)",
					"@executable_path/Frameworks",
					"@loader_path/Frameworks",
				);
				PRODUCT_BUNDLE_IDENTIFIER = ruucm.LandmarksUITests;
				PRODUCT_NAME = "$(TARGET_NAME)";
				SWIFT_VERSION = 5.0;
				TARGETED_DEVICE_FAMILY = "1,2";
				TEST_TARGET_NAME = Landmarks;
			};
			name = Release;
		};
/* End XCBuildConfiguration section */

/* Begin XCConfigurationList section */
		02C6069622A9A56800A9E2FA /* Build configuration list for PBXProject "Landmarks" */ = {
			isa = XCConfigurationList;
			buildConfigurations = (
				02C606C322A9A56900A9E2FA /* Debug */,
				02C606C422A9A56900A9E2FA /* Release */,
			);
			defaultConfigurationIsVisible = 0;
			defaultConfigurationName = Release;
		};
		02C606C522A9A56900A9E2FA /* Build configuration list for PBXNativeTarget "Landmarks" */ = {
			isa = XCConfigurationList;
			buildConfigurations = (
				02C606C622A9A56900A9E2FA /* Debug */,
				02C606C722A9A56900A9E2FA /* Release */,
			);
			defaultConfigurationIsVisible = 0;
			defaultConfigurationName = Release;
		};
		02C606C822A9A56900A9E2FA /* Build configuration list for PBXNativeTarget "LandmarksTests" */ = {
			isa = XCConfigurationList;
			buildConfigurations = (
				02C606C922A9A56900A9E2FA /* Debug */,
				02C606CA22A9A56900A9E2FA /* Release */,
			);
			defaultConfigurationIsVisible = 0;
			defaultConfigurationName = Release;
		};
		02C606CB22A9A56900A9E2FA /* Build configuration list for PBXNativeTarget "LandmarksUITests" */ = {
			isa = XCConfigurationList;
			buildConfigurations = (
				02C606CC22A9A56900A9E2FA /* Debug */,
				02C606CD22A9A56900A9E2FA /* Release */,
			);
			defaultConfigurationIsVisible = 0;
			defaultConfigurationName = Release;
		};
/* End XCConfigurationList section */
	};
	rootObject = 02C6069322A9A56800A9E2FA /* Project object */;
}
